
Microsoft Visual Studio Solution File, Format Version 12.00
# Visual Studio Version 16
VisualStudioVersion = 16.0.31727.386
MinimumVisualStudioVersion = 10.0.40219.1
Project("{8BC9CEB8-8B4A-11D0-8D11-00A0C91BC942}") = "22.10.2021_6", "22.10.2021_6.vcxproj", "{446DB383-3C8E-4E57-AA89-46A01CCA94F2}"
EndProject
Global
	GlobalSection(SolutionConfigurationPlatforms) = preSolution
		Debug|x64 = Debug|x64
		Debug|x86 = Debug|x86
		Release|x64 = Release|x64
		Release|x86 = Release|x86
	EndGlobalSection
	GlobalSection(ProjectConfigurationPlatforms) = postSolution
		{446DB383-3C8E-4E57-AA89-46A01CCA94F2}.Debug|x64.ActiveCfg = Debug|x64
		{446DB383-3C8E-4E57-AA89-46A01CCA94F2}.Debug|x64.Build.0 = Debug|x64
		{446DB383-3C8E-4E57-AA89-46A01CCA94F2}.Debug|x86.ActiveCfg = Debug|Win32
		{446DB383-3C8E-4E57-AA89-46A01CCA94F2}.Debug|x86.Build.0 = Debug|Win32
		{446DB383-3C8E-4E57-AA89-46A01CCA94F2}.Release|x64.ActiveCfg = Release|x64
		{446DB383-3C8E-4E57-AA89-46A01CCA94F2}.Release|x64.Build.0 = Release|x64
		{446DB383-3C8E-4E57-AA89-46A01CCA94F2}.Release|x86.ActiveCfg = Release|Win32
		{446DB383-3C8E-4E57-AA89-46A01CCA94F2}.Release|x86.Build.0 = Release|Win32
	EndGlobalSection
	GlobalSection(SolutionProperties) = preSolution
		HideSolutionNode = FALSE
	EndGlobalSection
	GlobalSection(ExtensibilityGlobals) = postSolution
		SolutionGuid = {6EF88966-EC2B-44EC-A5A8-714777596236}
	EndGlobalSection
EndGlobal
