
Microsoft Visual Studio Solution File, Format Version 12.00
# Visual Studio Version 16
VisualStudioVersion = 16.0.31727.386
MinimumVisualStudioVersion = 10.0.40219.1
Project("{8BC9CEB8-8B4A-11D0-8D11-00A0C91BC942}") = "12.11.П.4", "12.11.П.4.vcxproj", "{F6D8EB38-B3F7-48BD-8719-1F2E427D99AB}"
EndProject
Global
	GlobalSection(SolutionConfigurationPlatforms) = preSolution
		Debug|x64 = Debug|x64
		Debug|x86 = Debug|x86
		Release|x64 = Release|x64
		Release|x86 = Release|x86
	EndGlobalSection
	GlobalSection(ProjectConfigurationPlatforms) = postSolution
		{F6D8EB38-B3F7-48BD-8719-1F2E427D99AB}.Debug|x64.ActiveCfg = Debug|x64
		{F6D8EB38-B3F7-48BD-8719-1F2E427D99AB}.Debug|x64.Build.0 = Debug|x64
		{F6D8EB38-B3F7-48BD-8719-1F2E427D99AB}.Debug|x86.ActiveCfg = Debug|Win32
		{F6D8EB38-B3F7-48BD-8719-1F2E427D99AB}.Debug|x86.Build.0 = Debug|Win32
		{F6D8EB38-B3F7-48BD-8719-1F2E427D99AB}.Release|x64.ActiveCfg = Release|x64
		{F6D8EB38-B3F7-48BD-8719-1F2E427D99AB}.Release|x64.Build.0 = Release|x64
		{F6D8EB38-B3F7-48BD-8719-1F2E427D99AB}.Release|x86.ActiveCfg = Release|Win32
		{F6D8EB38-B3F7-48BD-8719-1F2E427D99AB}.Release|x86.Build.0 = Release|Win32
	EndGlobalSection
	GlobalSection(SolutionProperties) = preSolution
		HideSolutionNode = FALSE
	EndGlobalSection
	GlobalSection(ExtensibilityGlobals) = postSolution
		SolutionGuid = {CAEE76DE-6617-455B-BC3D-617CAA5DAA0B}
	EndGlobalSection
EndGlobal
